
Microsoft Visual Studio Solution File, Format Version 12.00
# Visual Studio Version 17
VisualStudioVersion = 17.5.002.0
MinimumVisualStudioVersion = 10.0.40219.1
Project("{9A19103F-16F7-4668-BE54-9A1E7A4F7556}") = "MyMvcApp", "MyMvcApp\MyMvcApp.csproj", "{5927FAB4-2744-4139-B057-F817008E6838}"
EndProject
Global
	GlobalSection(SolutionConfigurationPlatforms) = preSolution
		Debug|Any CPU = Debug|Any CPU
		Release|Any CPU = Release|Any CPU
	EndGlobalSection
	GlobalSection(ProjectConfigurationPlatforms) = postSolution
		{5927FAB4-2744-4139-B057-F817008E6838}.Debug|Any CPU.ActiveCfg = Debug|Any CPU
		{5927FAB4-2744-4139-B057-F817008E6838}.Debug|Any CPU.Build.0 = Debug|Any CPU
		{5927FAB4-2744-4139-B057-F817008E6838}.Release|Any CPU.ActiveCfg = Release|Any CPU
		{5927FAB4-2744-4139-B057-F817008E6838}.Release|Any CPU.Build.0 = Release|Any CPU
	EndGlobalSection
	GlobalSection(SolutionProperties) = preSolution
		HideSolutionNode = FALSE
	EndGlobalSection
	GlobalSection(ExtensibilityGlobals) = postSolution
		SolutionGuid = {8B159609-6711-4CD8-BBE1-622B11527FDA}
	EndGlobalSection
EndGlobal
